
Microsoft Visual Studio Solution File, Format Version 12.00
# Visual Studio Version 17
VisualStudioVersion = 17.9.34728.123
MinimumVisualStudioVersion = 10.0.40219.1
Project("{FAE04EC0-301F-11D3-BF4B-00C04F79EFBC}") = "SysComercio", "SysComercio.csproj", "{0A6A2C84-524E-4953-B6C8-D323522DE9B9}"
EndProject
Project("{FAE04EC0-301F-11D3-BF4B-00C04F79EFBC}") = "CamadaApresentacao", "..\CamadaApresentacao\CamadaApresentacao.csproj", "{D8E30A02-9114-479E-B63A-3739D6231467}"
EndProject
Global
	GlobalSection(SolutionConfigurationPlatforms) = preSolution
		Debug|Any CPU = Debug|Any CPU
		Release|Any CPU = Release|Any CPU
	EndGlobalSection
	GlobalSection(ProjectConfigurationPlatforms) = postSolution
		{0A6A2C84-524E-4953-B6C8-D323522DE9B9}.Debug|Any CPU.ActiveCfg = Debug|Any CPU
		{0A6A2C84-524E-4953-B6C8-D323522DE9B9}.Debug|Any CPU.Build.0 = Debug|Any CPU
		{0A6A2C84-524E-4953-B6C8-D323522DE9B9}.Release|Any CPU.ActiveCfg = Release|Any CPU
		{0A6A2C84-524E-4953-B6C8-D323522DE9B9}.Release|Any CPU.Build.0 = Release|Any CPU
		{D8E30A02-9114-479E-B63A-3739D6231467}.Debug|Any CPU.ActiveCfg = Debug|Any CPU
		{D8E30A02-9114-479E-B63A-3739D6231467}.Debug|Any CPU.Build.0 = Debug|Any CPU
		{D8E30A02-9114-479E-B63A-3739D6231467}.Release|Any CPU.ActiveCfg = Release|Any CPU
		{D8E30A02-9114-479E-B63A-3739D6231467}.Release|Any CPU.Build.0 = Release|Any CPU
	EndGlobalSection
	GlobalSection(SolutionProperties) = preSolution
		HideSolutionNode = FALSE
	EndGlobalSection
	GlobalSection(ExtensibilityGlobals) = postSolution
		SolutionGuid = {5A118B56-D6A9-4748-9B38-DA954511EDDE}
	EndGlobalSection
EndGlobal
