
Microsoft Visual Studio Solution File, Format Version 12.00
# Visual Studio Version 17
VisualStudioVersion = 17.9.34728.123
MinimumVisualStudioVersion = 10.0.40219.1
Project("{FAE04EC0-301F-11D3-BF4B-00C04F79EFBC}") = "Calculadora_port", "Calculadora_port.csproj", "{54FEB423-7E49-4A89-975A-3A1596877276}"
EndProject
Global
	GlobalSection(SolutionConfigurationPlatforms) = preSolution
		Debug|Any CPU = Debug|Any CPU
		Release|Any CPU = Release|Any CPU
	EndGlobalSection
	GlobalSection(ProjectConfigurationPlatforms) = postSolution
		{54FEB423-7E49-4A89-975A-3A1596877276}.Debug|Any CPU.ActiveCfg = Debug|Any CPU
		{54FEB423-7E49-4A89-975A-3A1596877276}.Debug|Any CPU.Build.0 = Debug|Any CPU
		{54FEB423-7E49-4A89-975A-3A1596877276}.Release|Any CPU.ActiveCfg = Release|Any CPU
		{54FEB423-7E49-4A89-975A-3A1596877276}.Release|Any CPU.Build.0 = Release|Any CPU
	EndGlobalSection
	GlobalSection(SolutionProperties) = preSolution
		HideSolutionNode = FALSE
	EndGlobalSection
	GlobalSection(ExtensibilityGlobals) = postSolution
		SolutionGuid = {BD3D23AB-91B5-4F0D-988D-75AB293BF8A9}
	EndGlobalSection
EndGlobal
