
Microsoft Visual Studio Solution File, Format Version 12.00
# Visual Studio Version 17
VisualStudioVersion = 17.9.34728.123
MinimumVisualStudioVersion = 10.0.40219.1
Project("{FAE04EC0-301F-11D3-BF4B-00C04F79EFBC}") = "Aprendendo sobre DLL unimake", "Aprendendo sobre DLL unimake.csproj", "{F33CAD90-FBC1-4165-895C-F18E34B611ED}"
EndProject
Global
	GlobalSection(SolutionConfigurationPlatforms) = preSolution
		Debug|Any CPU = Debug|Any CPU
		Release|Any CPU = Release|Any CPU
	EndGlobalSection
	GlobalSection(ProjectConfigurationPlatforms) = postSolution
		{F33CAD90-FBC1-4165-895C-F18E34B611ED}.Debug|Any CPU.ActiveCfg = Debug|Any CPU
		{F33CAD90-FBC1-4165-895C-F18E34B611ED}.Debug|Any CPU.Build.0 = Debug|Any CPU
		{F33CAD90-FBC1-4165-895C-F18E34B611ED}.Release|Any CPU.ActiveCfg = Release|Any CPU
		{F33CAD90-FBC1-4165-895C-F18E34B611ED}.Release|Any CPU.Build.0 = Release|Any CPU
	EndGlobalSection
	GlobalSection(SolutionProperties) = preSolution
		HideSolutionNode = FALSE
	EndGlobalSection
	GlobalSection(ExtensibilityGlobals) = postSolution
		SolutionGuid = {DFCC0982-30EB-41F9-9780-9209B84061A9}
	EndGlobalSection
EndGlobal
