
Microsoft Visual Studio Solution File, Format Version 12.00
# Visual Studio Version 17
VisualStudioVersion = 17.9.34728.123
MinimumVisualStudioVersion = 10.0.40219.1
Project("{F2A71F9B-5D33-465A-A702-920D77279786}") = "MinhaPrimeiraAPI", "MinhaPrimeiraAPI.fsproj", "{B3347D74-2D57-448F-938C-C45903DC9ECB}"
EndProject
Global
	GlobalSection(SolutionConfigurationPlatforms) = preSolution
		Debug|Any CPU = Debug|Any CPU
		Release|Any CPU = Release|Any CPU
	EndGlobalSection
	GlobalSection(ProjectConfigurationPlatforms) = postSolution
		{B3347D74-2D57-448F-938C-C45903DC9ECB}.Debug|Any CPU.ActiveCfg = Debug|Any CPU
		{B3347D74-2D57-448F-938C-C45903DC9ECB}.Debug|Any CPU.Build.0 = Debug|Any CPU
		{B3347D74-2D57-448F-938C-C45903DC9ECB}.Release|Any CPU.ActiveCfg = Release|Any CPU
		{B3347D74-2D57-448F-938C-C45903DC9ECB}.Release|Any CPU.Build.0 = Release|Any CPU
	EndGlobalSection
	GlobalSection(SolutionProperties) = preSolution
		HideSolutionNode = FALSE
	EndGlobalSection
	GlobalSection(ExtensibilityGlobals) = postSolution
		SolutionGuid = {AC9EA119-9EB0-4A8F-B3D4-5C2046501DD8}
	EndGlobalSection
EndGlobal
